
Microsoft Visual Studio Solution File, Format Version 12.00
# Visual Studio Version 17
VisualStudioVersion = 17.10.35122.118
MinimumVisualStudioVersion = 10.0.40219.1
Project("{8BC9CEB8-8B4A-11D0-8D11-00A0C91BC942}") = "proyecto1", "proyecto1.vcxproj", "{65A8783A-C310-46D7-879A-31D1B32659FB}"
EndProject
Global
	GlobalSection(SolutionConfigurationPlatforms) = preSolution
		Debug|x64 = Debug|x64
		Debug|x86 = Debug|x86
		Release|x64 = Release|x64
		Release|x86 = Release|x86
	EndGlobalSection
	GlobalSection(ProjectConfigurationPlatforms) = postSolution
		{65A8783A-C310-46D7-879A-31D1B32659FB}.Debug|x64.ActiveCfg = Debug|x64
		{65A8783A-C310-46D7-879A-31D1B32659FB}.Debug|x64.Build.0 = Debug|x64
		{65A8783A-C310-46D7-879A-31D1B32659FB}.Debug|x86.ActiveCfg = Debug|Win32
		{65A8783A-C310-46D7-879A-31D1B32659FB}.Debug|x86.Build.0 = Debug|Win32
		{65A8783A-C310-46D7-879A-31D1B32659FB}.Release|x64.ActiveCfg = Release|x64
		{65A8783A-C310-46D7-879A-31D1B32659FB}.Release|x64.Build.0 = Release|x64
		{65A8783A-C310-46D7-879A-31D1B32659FB}.Release|x86.ActiveCfg = Release|Win32
		{65A8783A-C310-46D7-879A-31D1B32659FB}.Release|x86.Build.0 = Release|Win32
	EndGlobalSection
	GlobalSection(SolutionProperties) = preSolution
		HideSolutionNode = FALSE
	EndGlobalSection
	GlobalSection(ExtensibilityGlobals) = postSolution
		SolutionGuid = {26A7F337-243C-40BB-90A9-3D8A4137BF2E}
	EndGlobalSection
EndGlobal
